{
  "object": {
    "pins": [
      {
        "package": "Core",
        "repositoryURL": "https://github.com/vapor/core.git",
        "state": {
          "branch": null,
          "revision": "18f2436bf7a6bc2224372c0885db2e0159af1649",
          "version": "3.9.2"
        }
      },
      {
        "package": "Logger",
        "repositoryURL": "https://github.com/grangej/Logger.git",
        "state": {
          "branch": null,
          "revision": "73a880baf6629dec58eacc49f2c24cc24d97a0d3",
          "version": "5.2.2"
        }
      },
      {
        "package": "Multipart",
        "repositoryURL": "https://github.com/vapor/multipart.git",
        "state": {
          "branch": null,
          "revision": "f919a01c4d10a281d6236a21b0b1d1759a72b8eb",
          "version": "3.0.4"
        }
      },
      {
        "package": "Reachability",
        "repositoryURL": "https://github.com/ashleymills/Reachability.swift.git",
        "state": {
          "branch": null,
          "revision": "6c8652a8ea35a64cf36367d07b3d6e5e6a24b272",
          "version": "4.3.1"
        }
      },
      {
        "package": "RxSwift",
        "repositoryURL": "https://github.com/ReactiveX/RxSwift.git",
        "state": {
          "branch": null,
          "revision": "b3e888b4972d9bc76495dd74d30a8c7fad4b9395",
          "version": "5.0.1"
        }
      },
      {
        "package": "swift-nio",
        "repositoryURL": "https://github.com/apple/swift-nio.git",
        "state": {
          "branch": null,
          "revision": "ba7970fe396e8198b84c6c1b44b38a1d4e2eb6bd",
          "version": "1.14.1"
        }
      },
      {
        "package": "swift-nio-zlib-support",
        "repositoryURL": "https://github.com/apple/swift-nio-zlib-support.git",
        "state": {
          "branch": null,
          "revision": "37760e9a52030bb9011972c5213c3350fa9d41fd",
          "version": "1.0.0"
        }
      }
    ]
  },
  "version": 1
}
